{
  "object": {
    "pins": [
      {
        "package": "Framezilla",
        "repositoryURL": "https://github.com/rosberry/Framezilla",
        "state": {
          "branch": "master",
          "revision": "1a757e608731f8d51accc1e9864edc1c41d9e75e",
          "version": null
        }
      }
    ]
  },
  "version": 1
}
